
Microsoft Visual Studio Solution File, Format Version 12.00
# Visual Studio Version 17
VisualStudioVersion = 17.11.35312.102
MinimumVisualStudioVersion = 10.0.40219.1
Project("{FAE04EC0-301F-11D3-BF4B-00C04F79EFBC}") = "InventoryManagment", "InventoryManagment\InventoryManagment.csproj", "{58796DE5-898A-4CE3-97FD-1860989E41EF}"
EndProject
Global
	GlobalSection(SolutionConfigurationPlatforms) = preSolution
		Debug|Any CPU = Debug|Any CPU
		Release|Any CPU = Release|Any CPU
	EndGlobalSection
	GlobalSection(ProjectConfigurationPlatforms) = postSolution
		{58796DE5-898A-4CE3-97FD-1860989E41EF}.Debug|Any CPU.ActiveCfg = Debug|Any CPU
		{58796DE5-898A-4CE3-97FD-1860989E41EF}.Debug|Any CPU.Build.0 = Debug|Any CPU
		{58796DE5-898A-4CE3-97FD-1860989E41EF}.Release|Any CPU.ActiveCfg = Release|Any CPU
		{58796DE5-898A-4CE3-97FD-1860989E41EF}.Release|Any CPU.Build.0 = Release|Any CPU
	EndGlobalSection
	GlobalSection(SolutionProperties) = preSolution
		HideSolutionNode = FALSE
	EndGlobalSection
	GlobalSection(ExtensibilityGlobals) = postSolution
		SolutionGuid = {30DFDC6C-1AB3-4C4C-8169-D8A788EB2E6C}
	EndGlobalSection
EndGlobal
